<?xml version="1.0" encoding="utf-8"?>
<Project ToolsVersion="4.0" xmlns="http://schemas.microsoft.com/developer/msbuild/2003">
  <ItemGroup>
    <Filter Include="Source Files">
      <UniqueIdentifier>{4FC737F1-C7A5-4376-A066-2A32D752A2FF}</UniqueIdentifier>
      <Extensions>cpp;c;cc;cxx;c++;cppm;ixx;def;odl;idl;hpj;bat;asm;asmx</Extensions>
    </Filter>
    <Filter Include="Header Files">
      <UniqueIdentifier>{93995380-89BD-4b04-88EB-625FBE52EBFB}</UniqueIdentifier>
      <Extensions>h;hh;hpp;hxx;h++;hm;inl;inc;ipp;xsd</Extensions>
    </Filter>
    <Filter Include="Resource Files">
      <UniqueIdentifier>{67DA6AB6-F800-4c08-8B7A-83BB121AAD01}</UniqueIdentifier>
      <Extensions>rc;ico;cur;bmp;dlg;rc2;rct;bin;rgs;gif;jpg;jpeg;jpe;resx;tiff;tif;png;wav;mfcribbon-ms</Extensions>
    </Filter>
    <Filter Include="Resource Files\pointer">
      <UniqueIdentifier>{693e87a2-f667-4263-806f-21662bfab436}</UniqueIdentifier>
    </Filter>
    <Filter Include="Resource Files\LinkedList">
      <UniqueIdentifier>{32546eb8-35df-4f9a-8fd0-ff8060bdb385}</UniqueIdentifier>
    </Filter>
  </ItemGroup>
  <ItemGroup>
    <ClCompile Include="template.cpp">
      <Filter>Resource Files</Filter>
    </ClCompile>
    <ClCompile Include="inline.cpp">
      <Filter>Resource Files</Filter>
    </ClCompile>
    <ClCompile Include="array ptr.cpp">
      <Filter>Resource Files\pointer</Filter>
    </ClCompile>
    <ClCompile Include="class ptr.cpp">
      <Filter>Resource Files\pointer</Filter>
    </ClCompile>
    <ClCompile Include="pointer.cpp">
      <Filter>Resource Files\pointer</Filter>
    </ClCompile>
    <ClCompile Include="function ptr.cpp">
      <Filter>Resource Files\pointer</Filter>
    </ClCompile>
    <ClCompile Include="Exclass.cpp">
      <Filter>Resource Files\pointer</Filter>
    </ClCompile>
    <ClCompile Include="string ptr.cpp">
      <Filter>Resource Files\pointer</Filter>
    </ClCompile>
    <ClCompile Include="LinkedList.cpp">
      <Filter>Resource Files\LinkedList</Filter>
    </ClCompile>
  </ItemGroup>
  <ItemGroup>
    <ClInclude Include="Exclass.h">
      <Filter>Resource Files\pointer</Filter>
    </ClInclude>
    <ClInclude Include="LinkedList.h">
      <Filter>Resource Files\LinkedList</Filter>
    </ClInclude>
  </ItemGroup>
</Project>